
Microsoft Visual Studio Solution File, Format Version 12.00
# Visual Studio Version 16
VisualStudioVersion = 16.0.31624.102
MinimumVisualStudioVersion = 10.0.40219.1
Project("{FAE04EC0-301F-11D3-BF4B-00C04F79EFBC}") = "curs", "curs.csproj", "{462CB418-6424-460C-A1E7-42D7A3EE7493}"
EndProject
Global
	GlobalSection(SolutionConfigurationPlatforms) = preSolution
		Debug|Any CPU = Debug|Any CPU
		Release|Any CPU = Release|Any CPU
	EndGlobalSection
	GlobalSection(ProjectConfigurationPlatforms) = postSolution
		{462CB418-6424-460C-A1E7-42D7A3EE7493}.Debug|Any CPU.ActiveCfg = Debug|Any CPU
		{462CB418-6424-460C-A1E7-42D7A3EE7493}.Debug|Any CPU.Build.0 = Debug|Any CPU
		{462CB418-6424-460C-A1E7-42D7A3EE7493}.Release|Any CPU.ActiveCfg = Release|Any CPU
		{462CB418-6424-460C-A1E7-42D7A3EE7493}.Release|Any CPU.Build.0 = Release|Any CPU
	EndGlobalSection
	GlobalSection(SolutionProperties) = preSolution
		HideSolutionNode = FALSE
	EndGlobalSection
	GlobalSection(ExtensibilityGlobals) = postSolution
		SolutionGuid = {3A0FA0FC-CF48-4525-8213-F6D7E2383818}
	EndGlobalSection
EndGlobal
